
Microsoft Visual Studio Solution File, Format Version 12.00
# Visual Studio Version 16
VisualStudioVersion = 16.0.809.8
MinimumVisualStudioVersion = 10.0.40219.1
Project("{FAE04EC0-301F-11D3-BF4B-00C04F79EFBC}") = "pocblobStorage", "pocblobStorage\pocblobStorage.csproj", "{5BB56181-2888-43D7-AD1B-03CAC57EA7EB}"
EndProject
Global
	GlobalSection(SolutionConfigurationPlatforms) = preSolution
		Debug|Any CPU = Debug|Any CPU
		Release|Any CPU = Release|Any CPU
	EndGlobalSection
	GlobalSection(ProjectConfigurationPlatforms) = postSolution
		{5BB56181-2888-43D7-AD1B-03CAC57EA7EB}.Debug|Any CPU.ActiveCfg = Debug|Any CPU
		{5BB56181-2888-43D7-AD1B-03CAC57EA7EB}.Debug|Any CPU.Build.0 = Debug|Any CPU
		{5BB56181-2888-43D7-AD1B-03CAC57EA7EB}.Release|Any CPU.ActiveCfg = Release|Any CPU
		{5BB56181-2888-43D7-AD1B-03CAC57EA7EB}.Release|Any CPU.Build.0 = Release|Any CPU
	EndGlobalSection
	GlobalSection(SolutionProperties) = preSolution
		HideSolutionNode = FALSE
	EndGlobalSection
	GlobalSection(ExtensibilityGlobals) = postSolution
		SolutionGuid = {42BA1868-F561-43BF-8B49-623F6C560460}
	EndGlobalSection
EndGlobal
